PODS:
  - DLPhotoPicker (1.0.1):
    - MBProgressHUD
    - PureLayout (~> 3.0.0)
    - SVProgressHUD
    - TOCropViewController
  - MBProgressHUD (1.0.0)
  - PureLayout (3.0.2)
  - SVProgressHUD (2.0.3)
  - TOCropViewController (2.0.7)

DEPENDENCIES:
  - DLPhotoPicker (from `..`)
  - SVProgressHUD

EXTERNAL SOURCES:
  DLPhotoPicker:
    :path: ".."

SPEC CHECKSUMS:
  DLPhotoPicker: 54f6194f554c2ce6d2b014032fc453ee6eb824b7
  MBProgressHUD: 4890f671c94e8a0f3cf959aa731e9de2f036d71a
  PureLayout: 4d550abe49a94f24c2808b9b95db9131685fe4cd
  SVProgressHUD: b0830714205bea1317ea1a2ebc71e5633af334d4
  TOCropViewController: cec24e4385929683b217d08bfdc8791975cddc04

PODFILE CHECKSUM: 6ef001143d3ecc6ad6c5ccc73505f3294982742c

COCOAPODS: 1.1.0.rc.2
