PODS:
  - DLPhotoPicker (1.0.7):
    - PureLayout (~> 3.0.0)
    - SVProgressHUD
    - TOCropViewController
  - PureLayout (3.0.2)
  - SVProgressHUD (2.0.4)
  - TOCropViewController (2.0.11)

DEPENDENCIES:
  - DLPhotoPicker (from `..`)
  - SVProgressHUD

EXTERNAL SOURCES:
  DLPhotoPicker:
    :path: ".."

SPEC CHECKSUMS:
  DLPhotoPicker: a7b513eb08b12b536c3f9eddc48eada4d800b72f
  PureLayout: 4d550abe49a94f24c2808b9b95db9131685fe4cd
  SVProgressHUD: bfde85ed6c573ea802b9cb37894ed9b629034f1b
  TOCropViewController: fe91aaab9e95d72ac38654d1174c8c8339585ee5

PODFILE CHECKSUM: 6ef001143d3ecc6ad6c5ccc73505f3294982742c

COCOAPODS: 1.1.1
