PODS:
  - DLPhotoPicker (0.9.6):
    - MBProgressHUD
    - PureLayout (~> 3.0.0)
    - SVProgressHUD
    - TOCropViewController
  - MBProgressHUD (0.9.2)
  - PureLayout (3.0.1)
  - SVProgressHUD (2.0)
  - TOCropViewController (1.2.6)

DEPENDENCIES:
  - DLPhotoPicker (from `..`)
  - SVProgressHUD

EXTERNAL SOURCES:
  DLPhotoPicker:
    :path: ..

SPEC CHECKSUMS:
  DLPhotoPicker: 3251aff1af33fbbfcdf3d0eef58325afe99eaf36
  MBProgressHUD: 1569cf7ace17a8bac47aabfbb8580a49690386d1
  PureLayout: f35f5384c9c4e4479df041dbe33ad7577b71ddfb
  SVProgressHUD: e9e7c893686a20da55a28015ed384d9425e15479
  TOCropViewController: 030e38f7c696d8eec4320a5baa8250b49c8f065f

COCOAPODS: 0.39.0
